
Microsoft Visual Studio Solution File, Format Version 12.00
# Visual Studio Version 17
VisualStudioVersion = 17.10.34928.147
MinimumVisualStudioVersion = 10.0.40219.1
Project("{FAE04EC0-301F-11D3-BF4B-00C04F79EFBC}") = "cozumluSoruBankSoru16", "cozumluSoruBankSoru16.csproj", "{FE4754D5-8385-49B9-8BF8-AB53443106AD}"
EndProject
Project("{FAE04EC0-301F-11D3-BF4B-00C04F79EFBC}") = "cozumluSoruBankSoru17", "..\cozumluSoruBankSoru17\cozumluSoruBankSoru17.csproj", "{9A4F9791-15FC-47E3-827B-D0A48041B566}"
EndProject
Global
	GlobalSection(SolutionConfigurationPlatforms) = preSolution
		Debug|Any CPU = Debug|Any CPU
		Release|Any CPU = Release|Any CPU
	EndGlobalSection
	GlobalSection(ProjectConfigurationPlatforms) = postSolution
		{FE4754D5-8385-49B9-8BF8-AB53443106AD}.Debug|Any CPU.ActiveCfg = Debug|Any CPU
		{FE4754D5-8385-49B9-8BF8-AB53443106AD}.Debug|Any CPU.Build.0 = Debug|Any CPU
		{FE4754D5-8385-49B9-8BF8-AB53443106AD}.Release|Any CPU.ActiveCfg = Release|Any CPU
		{FE4754D5-8385-49B9-8BF8-AB53443106AD}.Release|Any CPU.Build.0 = Release|Any CPU
		{9A4F9791-15FC-47E3-827B-D0A48041B566}.Debug|Any CPU.ActiveCfg = Debug|Any CPU
		{9A4F9791-15FC-47E3-827B-D0A48041B566}.Debug|Any CPU.Build.0 = Debug|Any CPU
		{9A4F9791-15FC-47E3-827B-D0A48041B566}.Release|Any CPU.ActiveCfg = Release|Any CPU
		{9A4F9791-15FC-47E3-827B-D0A48041B566}.Release|Any CPU.Build.0 = Release|Any CPU
	EndGlobalSection
	GlobalSection(SolutionProperties) = preSolution
		HideSolutionNode = FALSE
	EndGlobalSection
	GlobalSection(ExtensibilityGlobals) = postSolution
		SolutionGuid = {8DD3DD79-C0C2-4DA3-A834-4632DEFCC52F}
	EndGlobalSection
EndGlobal
