
Microsoft Visual Studio Solution File, Format Version 12.00
# Visual Studio Version 17
VisualStudioVersion = 17.10.34928.147
MinimumVisualStudioVersion = 10.0.40219.1
Project("{FAE04EC0-301F-11D3-BF4B-00C04F79EFBC}") = "cozumluSoruBankSoru4", "cozumluSoruBankSoru4.csproj", "{45016A64-4183-4FCD-98E8-6D94B8EA744E}"
EndProject
Global
	GlobalSection(SolutionConfigurationPlatforms) = preSolution
		Debug|Any CPU = Debug|Any CPU
		Release|Any CPU = Release|Any CPU
	EndGlobalSection
	GlobalSection(ProjectConfigurationPlatforms) = postSolution
		{45016A64-4183-4FCD-98E8-6D94B8EA744E}.Debug|Any CPU.ActiveCfg = Debug|Any CPU
		{45016A64-4183-4FCD-98E8-6D94B8EA744E}.Debug|Any CPU.Build.0 = Debug|Any CPU
		{45016A64-4183-4FCD-98E8-6D94B8EA744E}.Release|Any CPU.ActiveCfg = Release|Any CPU
		{45016A64-4183-4FCD-98E8-6D94B8EA744E}.Release|Any CPU.Build.0 = Release|Any CPU
	EndGlobalSection
	GlobalSection(SolutionProperties) = preSolution
		HideSolutionNode = FALSE
	EndGlobalSection
	GlobalSection(ExtensibilityGlobals) = postSolution
		SolutionGuid = {85B33E3B-62AC-4AA5-AFBF-B0EEC496A497}
	EndGlobalSection
EndGlobal
