
Microsoft Visual Studio Solution File, Format Version 12.00
# Visual Studio Version 17
VisualStudioVersion = 17.10.34928.147
MinimumVisualStudioVersion = 10.0.40219.1
Project("{FAE04EC0-301F-11D3-BF4B-00C04F79EFBC}") = "cozumluSoruBankSoru5", "cozumluSoruBankSoru5.csproj", "{943B0CCE-23D8-4976-9A75-62E6873F5853}"
EndProject
Project("{FAE04EC0-301F-11D3-BF4B-00C04F79EFBC}") = "cozumluSoruBankSoru7", "..\cozumluSoruBankSoru6\cozumluSoruBankSoru7.csproj", "{4DDC30F8-A75C-41FF-B219-9205D5371F78}"
EndProject
Global
	GlobalSection(SolutionConfigurationPlatforms) = preSolution
		Debug|Any CPU = Debug|Any CPU
		Release|Any CPU = Release|Any CPU
	EndGlobalSection
	GlobalSection(ProjectConfigurationPlatforms) = postSolution
		{943B0CCE-23D8-4976-9A75-62E6873F5853}.Debug|Any CPU.ActiveCfg = Debug|Any CPU
		{943B0CCE-23D8-4976-9A75-62E6873F5853}.Debug|Any CPU.Build.0 = Debug|Any CPU
		{943B0CCE-23D8-4976-9A75-62E6873F5853}.Release|Any CPU.ActiveCfg = Release|Any CPU
		{943B0CCE-23D8-4976-9A75-62E6873F5853}.Release|Any CPU.Build.0 = Release|Any CPU
		{4DDC30F8-A75C-41FF-B219-9205D5371F78}.Debug|Any CPU.ActiveCfg = Debug|Any CPU
		{4DDC30F8-A75C-41FF-B219-9205D5371F78}.Debug|Any CPU.Build.0 = Debug|Any CPU
		{4DDC30F8-A75C-41FF-B219-9205D5371F78}.Release|Any CPU.ActiveCfg = Release|Any CPU
		{4DDC30F8-A75C-41FF-B219-9205D5371F78}.Release|Any CPU.Build.0 = Release|Any CPU
	EndGlobalSection
	GlobalSection(SolutionProperties) = preSolution
		HideSolutionNode = FALSE
	EndGlobalSection
	GlobalSection(ExtensibilityGlobals) = postSolution
		SolutionGuid = {A6C6AA27-B4A8-4DD7-9D24-E5EB64D5163A}
	EndGlobalSection
EndGlobal
